
Microsoft Visual Studio Solution File, Format Version 12.00
# Visual Studio 14
VisualStudioVersion = 14.0.24720.0
MinimumVisualStudioVersion = 10.0.40219.1
Project("{FAE04EC0-301F-11D3-BF4B-00C04F79EFBC}") = "MusicStore", "MusicStore\MusicStore.csproj", "{8EEFC4B1-0432-456E-B443-FE88692DB68E}"
EndProject
Project("{FAE04EC0-301F-11D3-BF4B-00C04F79EFBC}") = "DataRepositoryTests", "DataRepositoryTests\DataRepositoryTests.csproj", "{90B3D6E7-72AD-4836-8F41-F40C670C8721}"
EndProject
Global
	GlobalSection(SolutionConfigurationPlatforms) = preSolution
		Debug|Any CPU = Debug|Any CPU
		Release|Any CPU = Release|Any CPU
	EndGlobalSection
	GlobalSection(ProjectConfigurationPlatforms) = postSolution
		{8EEFC4B1-0432-456E-B443-FE88692DB68E}.Debug|Any CPU.ActiveCfg = Debug|Any CPU
		{8EEFC4B1-0432-456E-B443-FE88692DB68E}.Debug|Any CPU.Build.0 = Debug|Any CPU
		{8EEFC4B1-0432-456E-B443-FE88692DB68E}.Release|Any CPU.ActiveCfg = Release|Any CPU
		{8EEFC4B1-0432-456E-B443-FE88692DB68E}.Release|Any CPU.Build.0 = Release|Any CPU
		{90B3D6E7-72AD-4836-8F41-F40C670C8721}.Debug|Any CPU.ActiveCfg = Debug|Any CPU
		{90B3D6E7-72AD-4836-8F41-F40C670C8721}.Debug|Any CPU.Build.0 = Debug|Any CPU
		{90B3D6E7-72AD-4836-8F41-F40C670C8721}.Release|Any CPU.ActiveCfg = Release|Any CPU
		{90B3D6E7-72AD-4836-8F41-F40C670C8721}.Release|Any CPU.Build.0 = Release|Any CPU
	EndGlobalSection
	GlobalSection(SolutionProperties) = preSolution
		HideSolutionNode = FALSE
	EndGlobalSection
EndGlobal
